// !$*UTF8*$!
{
	archiveVersion = 1;
	classes = {
	};
	objectVersion = 46;
	objects = {

/* Begin PBXBuildFile section */
		499C5D291AAEED8E00BA5140 /* main.cpp in Sources */ = {isa = PBXBuildFile; fileRef = 499C5D281AAEED8E00BA5140 /* main.cpp */; };
/* End PBXBuildFile section */

/* Begin PBXCopyFilesBuildPhase section */
		499C5D231AAEED8E00BA5140 /* CopyFiles */ = {
			isa = PBXCopyFilesBuildPhase;
			buildActionMask = 2147483647;
			dstPath = /usr/share/man/man1/;
			dstSubfolderSpec = 0;
			files = (
			);
			runOnlyForDeploymentPostprocessing = 1;
		};
/* End PBXCopyFilesBuildPhase section */

/* Begin PBXFileReference section */
		499C5D251AAEED8E00BA5140 /* clase15-punteros2 */ = {isa = PBXFileReference; explicitFileType = "compiled.mach-o.executable"; includeInIndex = 0; path = "clase15-punteros2"; sourceTree = BUILT_PRODUCTS_DIR; };
		499C5D281AAEED8E00BA5140 /* main.cpp */ = {isa = PBXFileReference; lastKnownFileType = sourcecode.cpp.cpp; path = main.cpp; sourceTree = "<group>"; };
/* End PBXFileReference section */

/* Begin PBXFrameworksBuildPhase section */
		499C5D221AAEED8E00BA5140 /* Frameworks */ = {
			isa = PBXFrameworksBuildPhase;
			buildActionMask = 2147483647;
			files = (
			);
			runOnlyForDeploymentPostprocessing = 0;
		};
/* End PBXFrameworksBuildPhase section */

/* Begin PBXGroup section */
		499C5D1C1AAEED8E00BA5140 = {
			isa = PBXGroup;
			children = (
				499C5D271AAEED8E00BA5140 /* clase15-punteros2 */,
				499C5D261AAEED8E00BA5140 /* Products */,
			);
			sourceTree = "<group>";
		};
		499C5D261AAEED8E00BA5140 /* Products */ = {
			isa = PBXGroup;
			children = (
				499C5D251AAEED8E00BA5140 /* clase15-punteros2 */,
			);
			name = Products;
			sourceTree = "<group>";
		};
		499C5D271AAEED8E00BA5140 /* clase15-punteros2 */ = {
			isa = PBXGroup;
			children = (
				499C5D281AAEED8E00BA5140 /* main.cpp */,
			);
			path = "clase15-punteros2";
			sourceTree = "<group>";
		};
/* End PBXGroup section */

/* Begin PBXNativeTarget section */
		499C5D241AAEED8E00BA5140 /* clase15-punteros2 */ = {
			isa = PBXNativeTarget;
			buildConfigurationList = 499C5D2C1AAEED8E00BA5140 /* Build configuration list for PBXNativeTarget "clase15-punteros2" */;
			buildPhases = (
				499C5D211AAEED8E00BA5140 /* Sources */,
				499C5D221AAEED8E00BA5140 /* Frameworks */,
				499C5D231AAEED8E00BA5140 /* CopyFiles */,
			);
			buildRules = (
			);
			dependencies = (
			);
			name = "clase15-punteros2";
			productName = "clase15-punteros2";
			productReference = 499C5D251AAEED8E00BA5140 /* clase15-punteros2 */;
			productType = "com.apple.product-type.tool";
		};
/* End PBXNativeTarget section */

/* Begin PBXProject section */
		499C5D1D1AAEED8E00BA5140 /* Project object */ = {
			isa = PBXProject;
			attributes = {
				LastUpgradeCheck = 0610;
				ORGANIZATIONNAME = "Sergio Pita";
				TargetAttributes = {
					499C5D241AAEED8E00BA5140 = {
						CreatedOnToolsVersion = 6.1.1;
					};
				};
			};
			buildConfigurationList = 499C5D201AAEED8E00BA5140 /* Build configuration list for PBXProject "clase15-punteros2" */;
			compatibilityVersion = "Xcode 3.2";
			developmentRegion = English;
			hasScannedForEncodings = 0;
			knownRegions = (
				en,
			);
			mainGroup = 499C5D1C1AAEED8E00BA5140;
			productRefGroup = 499C5D261AAEED8E00BA5140 /* Products */;
			projectDirPath = "";
			projectRoot = "";
			targets = (
				499C5D241AAEED8E00BA5140 /* clase15-punteros2 */,
			);
		};
/* End PBXProject section */

/* Begin PBXSourcesBuildPhase section */
		499C5D211AAEED8E00BA5140 /* Sources */ = {
			isa = PBXSourcesBuildPhase;
			buildActionMask = 2147483647;
			files = (
				499C5D291AAEED8E00BA5140 /* main.cpp in Sources */,
			);
			runOnlyForDeploymentPostprocessing = 0;
		};
/* End PBXSourcesBuildPhase section */

/* Begin XCBuildConfiguration section */
		499C5D2A1AAEED8E00BA5140 /* Debug */ = {
			isa = XCBuildConfiguration;
			buildSettings = {
				ALWAYS_SEARCH_USER_PATHS = NO;
				CLANG_CXX_LANGUAGE_STANDARD = "gnu++0x";
				CLANG_CXX_LIBRARY = "libc++";
				CLANG_ENABLE_MODULES = YES;
				CLANG_ENABLE_OBJC_ARC = YES;
				CLANG_WARN_BOOL_CONVERSION = YES;
				CLANG_WARN_CONSTANT_CONVERSION = YES;
				CLANG_WARN_DIRECT_OBJC_ISA_USAGE = YES_ERROR;
				CLANG_WARN_EMPTY_BODY = YES;
				CLANG_WARN_ENUM_CONVERSION = YES;
				CLANG_WARN_INT_CONVERSION = YES;
				CLANG_WARN_OBJC_ROOT_CLASS = YES_ERROR;
				CLANG_WARN_UNREACHABLE_CODE = YES;
				CLANG_WARN__DUPLICATE_METHOD_MATCH = YES;
				COPY_PHASE_STRIP = NO;
				ENABLE_STRICT_OBJC_MSGSEND = YES;
				GCC_C_LANGUAGE_STANDARD = gnu99;
				GCC_DYNAMIC_NO_PIC = NO;
				GCC_OPTIMIZATION_LEVEL = 0;
				GCC_PREPROCESSOR_DEFINITIONS = (
					"DEBUG=1",
					"$(inherited)",
				);
				GCC_SYMBOLS_PRIVATE_EXTERN = NO;
				GCC_WARN_64_TO_32_BIT_CONVERSION = YES;
				GCC_WARN_ABOUT_RETURN_TYPE = YES_ERROR;
				GCC_WARN_UNDECLARED_SELECTOR = YES;
				GCC_WARN_UNINITIALIZED_AUTOS = YES_AGGRESSIVE;
				GCC_WARN_UNUSED_FUNCTION = YES;
				GCC_WARN_UNUSED_VARIABLE = YES;
				MACOSX_DEPLOYMENT_TARGET = 10.10;
				MTL_ENABLE_DEBUG_INFO = YES;
				ONLY_ACTIVE_ARCH = YES;
				SDKROOT = macosx;
			};
			name = Debug;
		};
		499C5D2B1AAEED8E00BA5140 /* Release */ = {
			isa = XCBuildConfiguration;
			buildSettings = {
				ALWAYS_SEARCH_USER_PATHS = NO;
				CLANG_CXX_LANGUAGE_STANDARD = "gnu++0x";
				CLANG_CXX_LIBRARY = "libc++";
				CLANG_ENABLE_MODULES = YES;
				CLANG_ENABLE_OBJC_ARC = YES;
				CLANG_WARN_BOOL_CONVERSION = YES;
				CLANG_WARN_CONSTANT_CONVERSION = YES;
				CLANG_WARN_DIRECT_OBJC_ISA_USAGE = YES_ERROR;
				CLANG_WARN_EMPTY_BODY = YES;
				CLANG_WARN_ENUM_CONVERSION = YES;
				CLANG_WARN_INT_CONVERSION = YES;
				CLANG_WARN_OBJC_ROOT_CLASS = YES_ERROR;
				CLANG_WARN_UNREACHABLE_CODE = YES;
				CLANG_WARN__DUPLICATE_METHOD_MATCH = YES;
				COPY_PHASE_STRIP = YES;
				DEBUG_INFORMATION_FORMAT = "dwarf-with-dsym";
				ENABLE_NS_ASSERTIONS = NO;
				ENABLE_STRICT_OBJC_MSGSEND = YES;
				GCC_C_LANGUAGE_STANDARD = gnu99;
				GCC_WARN_64_TO_32_BIT_CONVERSION = YES;
				GCC_WARN_ABOUT_RETURN_TYPE = YES_ERROR;
				GCC_WARN_UNDECLARED_SELECTOR = YES;
				GCC_WARN_UNINITIALIZED_AUTOS = YES_AGGRESSIVE;
				GCC_WARN_UNUSED_FUNCTION = YES;
				GCC_WARN_UNUSED_VARIABLE = YES;
				MACOSX_DEPLOYMENT_TARGET = 10.10;
				MTL_ENABLE_DEBUG_INFO = NO;
				SDKROOT = macosx;
			};
			name = Release;
		};
		499C5D2D1AAEED8E00BA5140 /* Debug */ = {
			isa = XCBuildConfiguration;
			buildSettings = {
				PRODUCT_NAME = "$(TARGET_NAME)";
			};
			name = Debug;
		};
		499C5D2E1AAEED8E00BA5140 /* Release */ = {
			isa = XCBuildConfiguration;
			buildSettings = {
				PRODUCT_NAME = "$(TARGET_NAME)";
			};
			name = Release;
		};
/* End XCBuildConfiguration section */

/* Begin XCConfigurationList section */
		499C5D201AAEED8E00BA5140 /* Build configuration list for PBXProject "clase15-punteros2" */ = {
			isa = XCConfigurationList;
			buildConfigurations = (
				499C5D2A1AAEED8E00BA5140 /* Debug */,
				499C5D2B1AAEED8E00BA5140 /* Release */,
			);
			defaultConfigurationIsVisible = 0;
			defaultConfigurationName = Release;
		};
		499C5D2C1AAEED8E00BA5140 /* Build configuration list for PBXNativeTarget "clase15-punteros2" */ = {
			isa = XCConfigurationList;
			buildConfigurations = (
				499C5D2D1AAEED8E00BA5140 /* Debug */,
				499C5D2E1AAEED8E00BA5140 /* Release */,
			);
			defaultConfigurationIsVisible = 0;
		};
/* End XCConfigurationList section */
	};
	rootObject = 499C5D1D1AAEED8E00BA5140 /* Project object */;
}
