// !$*UTF8*$!
{
	archiveVersion = 1;
	classes = {
	};
	objectVersion = 46;
	objects = {

/* Begin PBXBuildFile section */
		49BE47A51ADC306200A2085F /* main.cpp in Sources */ = {isa = PBXBuildFile; fileRef = 49BE47A41ADC306200A2085F /* main.cpp */; };
/* End PBXBuildFile section */

/* Begin PBXCopyFilesBuildPhase section */
		49BE479F1ADC306200A2085F /* CopyFiles */ = {
			isa = PBXCopyFilesBuildPhase;
			buildActionMask = 2147483647;
			dstPath = /usr/share/man/man1/;
			dstSubfolderSpec = 0;
			files = (
			);
			runOnlyForDeploymentPostprocessing = 1;
		};
/* End PBXCopyFilesBuildPhase section */

/* Begin PBXFileReference section */
		49BE47A11ADC306200A2085F /* Clase02-VariablesyConstantes */ = {isa = PBXFileReference; explicitFileType = "compiled.mach-o.executable"; includeInIndex = 0; path = "Clase02-VariablesyConstantes"; sourceTree = BUILT_PRODUCTS_DIR; };
		49BE47A41ADC306200A2085F /* main.cpp */ = {isa = PBXFileReference; lastKnownFileType = sourcecode.cpp.cpp; path = main.cpp; sourceTree = "<group>"; };
/* End PBXFileReference section */

/* Begin PBXFrameworksBuildPhase section */
		49BE479E1ADC306200A2085F /* Frameworks */ = {
			isa = PBXFrameworksBuildPhase;
			buildActionMask = 2147483647;
			files = (
			);
			runOnlyForDeploymentPostprocessing = 0;
		};
/* End PBXFrameworksBuildPhase section */

/* Begin PBXGroup section */
		49BE47981ADC306200A2085F = {
			isa = PBXGroup;
			children = (
				49BE47A31ADC306200A2085F /* Clase02-VariablesyConstantes */,
				49BE47A21ADC306200A2085F /* Products */,
			);
			sourceTree = "<group>";
		};
		49BE47A21ADC306200A2085F /* Products */ = {
			isa = PBXGroup;
			children = (
				49BE47A11ADC306200A2085F /* Clase02-VariablesyConstantes */,
			);
			name = Products;
			sourceTree = "<group>";
		};
		49BE47A31ADC306200A2085F /* Clase02-VariablesyConstantes */ = {
			isa = PBXGroup;
			children = (
				49BE47A41ADC306200A2085F /* main.cpp */,
			);
			path = "Clase02-VariablesyConstantes";
			sourceTree = "<group>";
		};
/* End PBXGroup section */

/* Begin PBXNativeTarget section */
		49BE47A01ADC306200A2085F /* Clase02-VariablesyConstantes */ = {
			isa = PBXNativeTarget;
			buildConfigurationList = 49BE47A81ADC306200A2085F /* Build configuration list for PBXNativeTarget "Clase02-VariablesyConstantes" */;
			buildPhases = (
				49BE479D1ADC306200A2085F /* Sources */,
				49BE479E1ADC306200A2085F /* Frameworks */,
				49BE479F1ADC306200A2085F /* CopyFiles */,
			);
			buildRules = (
			);
			dependencies = (
			);
			name = "Clase02-VariablesyConstantes";
			productName = "Clase02-VariablesyConstantes";
			productReference = 49BE47A11ADC306200A2085F /* Clase02-VariablesyConstantes */;
			productType = "com.apple.product-type.tool";
		};
/* End PBXNativeTarget section */

/* Begin PBXProject section */
		49BE47991ADC306200A2085F /* Project object */ = {
			isa = PBXProject;
			attributes = {
				LastUpgradeCheck = 0630;
				ORGANIZATIONNAME = "Sergio Pita";
				TargetAttributes = {
					49BE47A01ADC306200A2085F = {
						CreatedOnToolsVersion = 6.3;
					};
				};
			};
			buildConfigurationList = 49BE479C1ADC306200A2085F /* Build configuration list for PBXProject "Clase02-VariablesyConstantes" */;
			compatibilityVersion = "Xcode 3.2";
			developmentRegion = English;
			hasScannedForEncodings = 0;
			knownRegions = (
				en,
			);
			mainGroup = 49BE47981ADC306200A2085F;
			productRefGroup = 49BE47A21ADC306200A2085F /* Products */;
			projectDirPath = "";
			projectRoot = "";
			targets = (
				49BE47A01ADC306200A2085F /* Clase02-VariablesyConstantes */,
			);
		};
/* End PBXProject section */

/* Begin PBXSourcesBuildPhase section */
		49BE479D1ADC306200A2085F /* Sources */ = {
			isa = PBXSourcesBuildPhase;
			buildActionMask = 2147483647;
			files = (
				49BE47A51ADC306200A2085F /* main.cpp in Sources */,
			);
			runOnlyForDeploymentPostprocessing = 0;
		};
/* End PBXSourcesBuildPhase section */

/* Begin XCBuildConfiguration section */
		49BE47A61ADC306200A2085F /* Debug */ = {
			isa = XCBuildConfiguration;
			buildSettings = {
				ALWAYS_SEARCH_USER_PATHS = NO;
				CLANG_CXX_LANGUAGE_STANDARD = "gnu++0x";
				CLANG_CXX_LIBRARY = "libc++";
				CLANG_ENABLE_MODULES = YES;
				CLANG_ENABLE_OBJC_ARC = YES;
				CLANG_WARN_BOOL_CONVERSION = YES;
				CLANG_WARN_CONSTANT_CONVERSION = YES;
				CLANG_WARN_DIRECT_OBJC_ISA_USAGE = YES_ERROR;
				CLANG_WARN_EMPTY_BODY = YES;
				CLANG_WARN_ENUM_CONVERSION = YES;
				CLANG_WARN_INT_CONVERSION = YES;
				CLANG_WARN_OBJC_ROOT_CLASS = YES_ERROR;
				CLANG_WARN_UNREACHABLE_CODE = YES;
				CLANG_WARN__DUPLICATE_METHOD_MATCH = YES;
				COPY_PHASE_STRIP = NO;
				DEBUG_INFORMATION_FORMAT = dwarf;
				ENABLE_STRICT_OBJC_MSGSEND = YES;
				GCC_C_LANGUAGE_STANDARD = gnu99;
				GCC_DYNAMIC_NO_PIC = NO;
				GCC_NO_COMMON_BLOCKS = YES;
				GCC_OPTIMIZATION_LEVEL = 0;
				GCC_PREPROCESSOR_DEFINITIONS = (
					"DEBUG=1",
					"$(inherited)",
				);
				GCC_SYMBOLS_PRIVATE_EXTERN = NO;
				GCC_WARN_64_TO_32_BIT_CONVERSION = YES;
				GCC_WARN_ABOUT_RETURN_TYPE = YES_ERROR;
				GCC_WARN_UNDECLARED_SELECTOR = YES;
				GCC_WARN_UNINITIALIZED_AUTOS = YES_AGGRESSIVE;
				GCC_WARN_UNUSED_FUNCTION = YES;
				GCC_WARN_UNUSED_VARIABLE = YES;
				MACOSX_DEPLOYMENT_TARGET = 10.10;
				MTL_ENABLE_DEBUG_INFO = YES;
				ONLY_ACTIVE_ARCH = YES;
				SDKROOT = macosx;
			};
			name = Debug;
		};
		49BE47A71ADC306200A2085F /* Release */ = {
			isa = XCBuildConfiguration;
			buildSettings = {
				ALWAYS_SEARCH_USER_PATHS = NO;
				CLANG_CXX_LANGUAGE_STANDARD = "gnu++0x";
				CLANG_CXX_LIBRARY = "libc++";
				CLANG_ENABLE_MODULES = YES;
				CLANG_ENABLE_OBJC_ARC = YES;
				CLANG_WARN_BOOL_CONVERSION = YES;
				CLANG_WARN_CONSTANT_CONVERSION = YES;
				CLANG_WARN_DIRECT_OBJC_ISA_USAGE = YES_ERROR;
				CLANG_WARN_EMPTY_BODY = YES;
				CLANG_WARN_ENUM_CONVERSION = YES;
				CLANG_WARN_INT_CONVERSION = YES;
				CLANG_WARN_OBJC_ROOT_CLASS = YES_ERROR;
				CLANG_WARN_UNREACHABLE_CODE = YES;
				CLANG_WARN__DUPLICATE_METHOD_MATCH = YES;
				COPY_PHASE_STRIP = NO;
				DEBUG_INFORMATION_FORMAT = "dwarf-with-dsym";
				ENABLE_NS_ASSERTIONS = NO;
				ENABLE_STRICT_OBJC_MSGSEND = YES;
				GCC_C_LANGUAGE_STANDARD = gnu99;
				GCC_NO_COMMON_BLOCKS = YES;
				GCC_WARN_64_TO_32_BIT_CONVERSION = YES;
				GCC_WARN_ABOUT_RETURN_TYPE = YES_ERROR;
				GCC_WARN_UNDECLARED_SELECTOR = YES;
				GCC_WARN_UNINITIALIZED_AUTOS = YES_AGGRESSIVE;
				GCC_WARN_UNUSED_FUNCTION = YES;
				GCC_WARN_UNUSED_VARIABLE = YES;
				MACOSX_DEPLOYMENT_TARGET = 10.10;
				MTL_ENABLE_DEBUG_INFO = NO;
				SDKROOT = macosx;
			};
			name = Release;
		};
		49BE47A91ADC306200A2085F /* Debug */ = {
			isa = XCBuildConfiguration;
			buildSettings = {
				PRODUCT_NAME = "$(TARGET_NAME)";
			};
			name = Debug;
		};
		49BE47AA1ADC306200A2085F /* Release */ = {
			isa = XCBuildConfiguration;
			buildSettings = {
				PRODUCT_NAME = "$(TARGET_NAME)";
			};
			name = Release;
		};
/* End XCBuildConfiguration section */

/* Begin XCConfigurationList section */
		49BE479C1ADC306200A2085F /* Build configuration list for PBXProject "Clase02-VariablesyConstantes" */ = {
			isa = XCConfigurationList;
			buildConfigurations = (
				49BE47A61ADC306200A2085F /* Debug */,
				49BE47A71ADC306200A2085F /* Release */,
			);
			defaultConfigurationIsVisible = 0;
			defaultConfigurationName = Release;
		};
		49BE47A81ADC306200A2085F /* Build configuration list for PBXNativeTarget "Clase02-VariablesyConstantes" */ = {
			isa = XCConfigurationList;
			buildConfigurations = (
				49BE47A91ADC306200A2085F /* Debug */,
				49BE47AA1ADC306200A2085F /* Release */,
			);
			defaultConfigurationIsVisible = 0;
		};
/* End XCConfigurationList section */
	};
	rootObject = 49BE47991ADC306200A2085F /* Project object */;
}
