// !$*UTF8*$!
{
	archiveVersion = 1;
	classes = {
	};
	objectVersion = 46;
	objects = {

/* Begin PBXBuildFile section */
		491CECA01A9CBC9A00C9A90B /* main.cpp in Sources */ = {isa = PBXBuildFile; fileRef = 491CEC9F1A9CBC9A00C9A90B /* main.cpp */; };
/* End PBXBuildFile section */

/* Begin PBXCopyFilesBuildPhase section */
		491CEC9A1A9CBC9A00C9A90B /* CopyFiles */ = {
			isa = PBXCopyFilesBuildPhase;
			buildActionMask = 2147483647;
			dstPath = /usr/share/man/man1/;
			dstSubfolderSpec = 0;
			files = (
			);
			runOnlyForDeploymentPostprocessing = 1;
		};
/* End PBXCopyFilesBuildPhase section */

/* Begin PBXFileReference section */
		491CEC9C1A9CBC9A00C9A90B /* Clase14-Puteros_1 */ = {isa = PBXFileReference; explicitFileType = "compiled.mach-o.executable"; includeInIndex = 0; path = "Clase14-Puteros_1"; sourceTree = BUILT_PRODUCTS_DIR; };
		491CEC9F1A9CBC9A00C9A90B /* main.cpp */ = {isa = PBXFileReference; lastKnownFileType = sourcecode.cpp.cpp; path = main.cpp; sourceTree = "<group>"; };
/* End PBXFileReference section */

/* Begin PBXFrameworksBuildPhase section */
		491CEC991A9CBC9A00C9A90B /* Frameworks */ = {
			isa = PBXFrameworksBuildPhase;
			buildActionMask = 2147483647;
			files = (
			);
			runOnlyForDeploymentPostprocessing = 0;
		};
/* End PBXFrameworksBuildPhase section */

/* Begin PBXGroup section */
		491CEC931A9CBC9A00C9A90B = {
			isa = PBXGroup;
			children = (
				491CEC9E1A9CBC9A00C9A90B /* Clase14-Puteros_1 */,
				491CEC9D1A9CBC9A00C9A90B /* Products */,
			);
			sourceTree = "<group>";
		};
		491CEC9D1A9CBC9A00C9A90B /* Products */ = {
			isa = PBXGroup;
			children = (
				491CEC9C1A9CBC9A00C9A90B /* Clase14-Puteros_1 */,
			);
			name = Products;
			sourceTree = "<group>";
		};
		491CEC9E1A9CBC9A00C9A90B /* Clase14-Puteros_1 */ = {
			isa = PBXGroup;
			children = (
				491CEC9F1A9CBC9A00C9A90B /* main.cpp */,
			);
			path = "Clase14-Puteros_1";
			sourceTree = "<group>";
		};
/* End PBXGroup section */

/* Begin PBXNativeTarget section */
		491CEC9B1A9CBC9A00C9A90B /* Clase14-Puteros_1 */ = {
			isa = PBXNativeTarget;
			buildConfigurationList = 491CECA31A9CBC9A00C9A90B /* Build configuration list for PBXNativeTarget "Clase14-Puteros_1" */;
			buildPhases = (
				491CEC981A9CBC9A00C9A90B /* Sources */,
				491CEC991A9CBC9A00C9A90B /* Frameworks */,
				491CEC9A1A9CBC9A00C9A90B /* CopyFiles */,
			);
			buildRules = (
			);
			dependencies = (
			);
			name = "Clase14-Puteros_1";
			productName = "Clase14-Puteros_1";
			productReference = 491CEC9C1A9CBC9A00C9A90B /* Clase14-Puteros_1 */;
			productType = "com.apple.product-type.tool";
		};
/* End PBXNativeTarget section */

/* Begin PBXProject section */
		491CEC941A9CBC9A00C9A90B /* Project object */ = {
			isa = PBXProject;
			attributes = {
				LastUpgradeCheck = 0610;
				ORGANIZATIONNAME = "Sergio Pita";
				TargetAttributes = {
					491CEC9B1A9CBC9A00C9A90B = {
						CreatedOnToolsVersion = 6.1.1;
					};
				};
			};
			buildConfigurationList = 491CEC971A9CBC9A00C9A90B /* Build configuration list for PBXProject "Clase14-Puteros_1" */;
			compatibilityVersion = "Xcode 3.2";
			developmentRegion = English;
			hasScannedForEncodings = 0;
			knownRegions = (
				en,
			);
			mainGroup = 491CEC931A9CBC9A00C9A90B;
			productRefGroup = 491CEC9D1A9CBC9A00C9A90B /* Products */;
			projectDirPath = "";
			projectRoot = "";
			targets = (
				491CEC9B1A9CBC9A00C9A90B /* Clase14-Puteros_1 */,
			);
		};
/* End PBXProject section */

/* Begin PBXSourcesBuildPhase section */
		491CEC981A9CBC9A00C9A90B /* Sources */ = {
			isa = PBXSourcesBuildPhase;
			buildActionMask = 2147483647;
			files = (
				491CECA01A9CBC9A00C9A90B /* main.cpp in Sources */,
			);
			runOnlyForDeploymentPostprocessing = 0;
		};
/* End PBXSourcesBuildPhase section */

/* Begin XCBuildConfiguration section */
		491CECA11A9CBC9A00C9A90B /* Debug */ = {
			isa = XCBuildConfiguration;
			buildSettings = {
				ALWAYS_SEARCH_USER_PATHS = NO;
				CLANG_CXX_LANGUAGE_STANDARD = "gnu++0x";
				CLANG_CXX_LIBRARY = "libc++";
				CLANG_ENABLE_MODULES = YES;
				CLANG_ENABLE_OBJC_ARC = YES;
				CLANG_WARN_BOOL_CONVERSION = YES;
				CLANG_WARN_CONSTANT_CONVERSION = YES;
				CLANG_WARN_DIRECT_OBJC_ISA_USAGE = YES_ERROR;
				CLANG_WARN_EMPTY_BODY = YES;
				CLANG_WARN_ENUM_CONVERSION = YES;
				CLANG_WARN_INT_CONVERSION = YES;
				CLANG_WARN_OBJC_ROOT_CLASS = YES_ERROR;
				CLANG_WARN_UNREACHABLE_CODE = YES;
				CLANG_WARN__DUPLICATE_METHOD_MATCH = YES;
				COPY_PHASE_STRIP = NO;
				ENABLE_STRICT_OBJC_MSGSEND = YES;
				GCC_C_LANGUAGE_STANDARD = gnu99;
				GCC_DYNAMIC_NO_PIC = NO;
				GCC_OPTIMIZATION_LEVEL = 0;
				GCC_PREPROCESSOR_DEFINITIONS = (
					"DEBUG=1",
					"$(inherited)",
				);
				GCC_SYMBOLS_PRIVATE_EXTERN = NO;
				GCC_WARN_64_TO_32_BIT_CONVERSION = YES;
				GCC_WARN_ABOUT_RETURN_TYPE = YES_ERROR;
				GCC_WARN_UNDECLARED_SELECTOR = YES;
				GCC_WARN_UNINITIALIZED_AUTOS = YES_AGGRESSIVE;
				GCC_WARN_UNUSED_FUNCTION = YES;
				GCC_WARN_UNUSED_VARIABLE = YES;
				MACOSX_DEPLOYMENT_TARGET = 10.10;
				MTL_ENABLE_DEBUG_INFO = YES;
				ONLY_ACTIVE_ARCH = YES;
				SDKROOT = macosx;
			};
			name = Debug;
		};
		491CECA21A9CBC9A00C9A90B /* Release */ = {
			isa = XCBuildConfiguration;
			buildSettings = {
				ALWAYS_SEARCH_USER_PATHS = NO;
				CLANG_CXX_LANGUAGE_STANDARD = "gnu++0x";
				CLANG_CXX_LIBRARY = "libc++";
				CLANG_ENABLE_MODULES = YES;
				CLANG_ENABLE_OBJC_ARC = YES;
				CLANG_WARN_BOOL_CONVERSION = YES;
				CLANG_WARN_CONSTANT_CONVERSION = YES;
				CLANG_WARN_DIRECT_OBJC_ISA_USAGE = YES_ERROR;
				CLANG_WARN_EMPTY_BODY = YES;
				CLANG_WARN_ENUM_CONVERSION = YES;
				CLANG_WARN_INT_CONVERSION = YES;
				CLANG_WARN_OBJC_ROOT_CLASS = YES_ERROR;
				CLANG_WARN_UNREACHABLE_CODE = YES;
				CLANG_WARN__DUPLICATE_METHOD_MATCH = YES;
				COPY_PHASE_STRIP = YES;
				DEBUG_INFORMATION_FORMAT = "dwarf-with-dsym";
				ENABLE_NS_ASSERTIONS = NO;
				ENABLE_STRICT_OBJC_MSGSEND = YES;
				GCC_C_LANGUAGE_STANDARD = gnu99;
				GCC_WARN_64_TO_32_BIT_CONVERSION = YES;
				GCC_WARN_ABOUT_RETURN_TYPE = YES_ERROR;
				GCC_WARN_UNDECLARED_SELECTOR = YES;
				GCC_WARN_UNINITIALIZED_AUTOS = YES_AGGRESSIVE;
				GCC_WARN_UNUSED_FUNCTION = YES;
				GCC_WARN_UNUSED_VARIABLE = YES;
				MACOSX_DEPLOYMENT_TARGET = 10.10;
				MTL_ENABLE_DEBUG_INFO = NO;
				SDKROOT = macosx;
			};
			name = Release;
		};
		491CECA41A9CBC9A00C9A90B /* Debug */ = {
			isa = XCBuildConfiguration;
			buildSettings = {
				PRODUCT_NAME = "$(TARGET_NAME)";
			};
			name = Debug;
		};
		491CECA51A9CBC9A00C9A90B /* Release */ = {
			isa = XCBuildConfiguration;
			buildSettings = {
				PRODUCT_NAME = "$(TARGET_NAME)";
			};
			name = Release;
		};
/* End XCBuildConfiguration section */

/* Begin XCConfigurationList section */
		491CEC971A9CBC9A00C9A90B /* Build configuration list for PBXProject "Clase14-Puteros_1" */ = {
			isa = XCConfigurationList;
			buildConfigurations = (
				491CECA11A9CBC9A00C9A90B /* Debug */,
				491CECA21A9CBC9A00C9A90B /* Release */,
			);
			defaultConfigurationIsVisible = 0;
			defaultConfigurationName = Release;
		};
		491CECA31A9CBC9A00C9A90B /* Build configuration list for PBXNativeTarget "Clase14-Puteros_1" */ = {
			isa = XCConfigurationList;
			buildConfigurations = (
				491CECA41A9CBC9A00C9A90B /* Debug */,
				491CECA51A9CBC9A00C9A90B /* Release */,
			);
			defaultConfigurationIsVisible = 0;
		};
/* End XCConfigurationList section */
	};
	rootObject = 491CEC941A9CBC9A00C9A90B /* Project object */;
}
