// !$*UTF8*$!
{
	archiveVersion = 1;
	classes = {
	};
	objectVersion = 46;
	objects = {

/* Begin PBXBuildFile section */
		D9F51CC71B54789B005FCDFF /* main.cpp in Sources */ = {isa = PBXBuildFile; fileRef = D9F51CC61B54789B005FCDFF /* main.cpp */; };
/* End PBXBuildFile section */

/* Begin PBXCopyFilesBuildPhase section */
		D9F51CC11B54789B005FCDFF /* CopyFiles */ = {
			isa = PBXCopyFilesBuildPhase;
			buildActionMask = 2147483647;
			dstPath = /usr/share/man/man1/;
			dstSubfolderSpec = 0;
			files = (
			);
			runOnlyForDeploymentPostprocessing = 1;
		};
/* End PBXCopyFilesBuildPhase section */

/* Begin PBXFileReference section */
		D9F51CC31B54789B005FCDFF /* Clase29-ListasEnlazadas */ = {isa = PBXFileReference; explicitFileType = "compiled.mach-o.executable"; includeInIndex = 0; path = "Clase29-ListasEnlazadas"; sourceTree = BUILT_PRODUCTS_DIR; };
		D9F51CC61B54789B005FCDFF /* main.cpp */ = {isa = PBXFileReference; lastKnownFileType = sourcecode.cpp.cpp; path = main.cpp; sourceTree = "<group>"; };
/* End PBXFileReference section */

/* Begin PBXFrameworksBuildPhase section */
		D9F51CC01B54789B005FCDFF /* Frameworks */ = {
			isa = PBXFrameworksBuildPhase;
			buildActionMask = 2147483647;
			files = (
			);
			runOnlyForDeploymentPostprocessing = 0;
		};
/* End PBXFrameworksBuildPhase section */

/* Begin PBXGroup section */
		D9F51CBA1B54789B005FCDFF = {
			isa = PBXGroup;
			children = (
				D9F51CC51B54789B005FCDFF /* Clase29-ListasEnlazadas */,
				D9F51CC41B54789B005FCDFF /* Products */,
			);
			sourceTree = "<group>";
		};
		D9F51CC41B54789B005FCDFF /* Products */ = {
			isa = PBXGroup;
			children = (
				D9F51CC31B54789B005FCDFF /* Clase29-ListasEnlazadas */,
			);
			name = Products;
			sourceTree = "<group>";
		};
		D9F51CC51B54789B005FCDFF /* Clase29-ListasEnlazadas */ = {
			isa = PBXGroup;
			children = (
				D9F51CC61B54789B005FCDFF /* main.cpp */,
			);
			path = "Clase29-ListasEnlazadas";
			sourceTree = "<group>";
		};
/* End PBXGroup section */

/* Begin PBXNativeTarget section */
		D9F51CC21B54789B005FCDFF /* Clase29-ListasEnlazadas */ = {
			isa = PBXNativeTarget;
			buildConfigurationList = D9F51CCA1B54789C005FCDFF /* Build configuration list for PBXNativeTarget "Clase29-ListasEnlazadas" */;
			buildPhases = (
				D9F51CBF1B54789B005FCDFF /* Sources */,
				D9F51CC01B54789B005FCDFF /* Frameworks */,
				D9F51CC11B54789B005FCDFF /* CopyFiles */,
			);
			buildRules = (
			);
			dependencies = (
			);
			name = "Clase29-ListasEnlazadas";
			productName = "Clase29-ListasEnlazadas";
			productReference = D9F51CC31B54789B005FCDFF /* Clase29-ListasEnlazadas */;
			productType = "com.apple.product-type.tool";
		};
/* End PBXNativeTarget section */

/* Begin PBXProject section */
		D9F51CBB1B54789B005FCDFF /* Project object */ = {
			isa = PBXProject;
			attributes = {
				LastUpgradeCheck = 0640;
				ORGANIZATIONNAME = "Sergio Pita";
				TargetAttributes = {
					D9F51CC21B54789B005FCDFF = {
						CreatedOnToolsVersion = 6.4;
					};
				};
			};
			buildConfigurationList = D9F51CBE1B54789B005FCDFF /* Build configuration list for PBXProject "Clase29-ListasEnlazadas" */;
			compatibilityVersion = "Xcode 3.2";
			developmentRegion = English;
			hasScannedForEncodings = 0;
			knownRegions = (
				en,
			);
			mainGroup = D9F51CBA1B54789B005FCDFF;
			productRefGroup = D9F51CC41B54789B005FCDFF /* Products */;
			projectDirPath = "";
			projectRoot = "";
			targets = (
				D9F51CC21B54789B005FCDFF /* Clase29-ListasEnlazadas */,
			);
		};
/* End PBXProject section */

/* Begin PBXSourcesBuildPhase section */
		D9F51CBF1B54789B005FCDFF /* Sources */ = {
			isa = PBXSourcesBuildPhase;
			buildActionMask = 2147483647;
			files = (
				D9F51CC71B54789B005FCDFF /* main.cpp in Sources */,
			);
			runOnlyForDeploymentPostprocessing = 0;
		};
/* End PBXSourcesBuildPhase section */

/* Begin XCBuildConfiguration section */
		D9F51CC81B54789C005FCDFF /* Debug */ = {
			isa = XCBuildConfiguration;
			buildSettings = {
				ALWAYS_SEARCH_USER_PATHS = NO;
				CLANG_CXX_LANGUAGE_STANDARD = "gnu++0x";
				CLANG_CXX_LIBRARY = "libc++";
				CLANG_ENABLE_MODULES = YES;
				CLANG_ENABLE_OBJC_ARC = YES;
				CLANG_WARN_BOOL_CONVERSION = YES;
				CLANG_WARN_CONSTANT_CONVERSION = YES;
				CLANG_WARN_DIRECT_OBJC_ISA_USAGE = YES_ERROR;
				CLANG_WARN_EMPTY_BODY = YES;
				CLANG_WARN_ENUM_CONVERSION = YES;
				CLANG_WARN_INT_CONVERSION = YES;
				CLANG_WARN_OBJC_ROOT_CLASS = YES_ERROR;
				CLANG_WARN_UNREACHABLE_CODE = YES;
				CLANG_WARN__DUPLICATE_METHOD_MATCH = YES;
				COPY_PHASE_STRIP = NO;
				DEBUG_INFORMATION_FORMAT = dwarf;
				ENABLE_STRICT_OBJC_MSGSEND = YES;
				GCC_C_LANGUAGE_STANDARD = gnu99;
				GCC_DYNAMIC_NO_PIC = NO;
				GCC_NO_COMMON_BLOCKS = YES;
				GCC_OPTIMIZATION_LEVEL = 0;
				GCC_PREPROCESSOR_DEFINITIONS = (
					"DEBUG=1",
					"$(inherited)",
				);
				GCC_SYMBOLS_PRIVATE_EXTERN = NO;
				GCC_WARN_64_TO_32_BIT_CONVERSION = YES;
				GCC_WARN_ABOUT_RETURN_TYPE = YES_ERROR;
				GCC_WARN_UNDECLARED_SELECTOR = YES;
				GCC_WARN_UNINITIALIZED_AUTOS = YES_AGGRESSIVE;
				GCC_WARN_UNUSED_FUNCTION = YES;
				GCC_WARN_UNUSED_VARIABLE = YES;
				MACOSX_DEPLOYMENT_TARGET = 10.10;
				MTL_ENABLE_DEBUG_INFO = YES;
				ONLY_ACTIVE_ARCH = YES;
				SDKROOT = macosx;
			};
			name = Debug;
		};
		D9F51CC91B54789C005FCDFF /* Release */ = {
			isa = XCBuildConfiguration;
			buildSettings = {
				ALWAYS_SEARCH_USER_PATHS = NO;
				CLANG_CXX_LANGUAGE_STANDARD = "gnu++0x";
				CLANG_CXX_LIBRARY = "libc++";
				CLANG_ENABLE_MODULES = YES;
				CLANG_ENABLE_OBJC_ARC = YES;
				CLANG_WARN_BOOL_CONVERSION = YES;
				CLANG_WARN_CONSTANT_CONVERSION = YES;
				CLANG_WARN_DIRECT_OBJC_ISA_USAGE = YES_ERROR;
				CLANG_WARN_EMPTY_BODY = YES;
				CLANG_WARN_ENUM_CONVERSION = YES;
				CLANG_WARN_INT_CONVERSION = YES;
				CLANG_WARN_OBJC_ROOT_CLASS = YES_ERROR;
				CLANG_WARN_UNREACHABLE_CODE = YES;
				CLANG_WARN__DUPLICATE_METHOD_MATCH = YES;
				COPY_PHASE_STRIP = NO;
				DEBUG_INFORMATION_FORMAT = "dwarf-with-dsym";
				ENABLE_NS_ASSERTIONS = NO;
				ENABLE_STRICT_OBJC_MSGSEND = YES;
				GCC_C_LANGUAGE_STANDARD = gnu99;
				GCC_NO_COMMON_BLOCKS = YES;
				GCC_WARN_64_TO_32_BIT_CONVERSION = YES;
				GCC_WARN_ABOUT_RETURN_TYPE = YES_ERROR;
				GCC_WARN_UNDECLARED_SELECTOR = YES;
				GCC_WARN_UNINITIALIZED_AUTOS = YES_AGGRESSIVE;
				GCC_WARN_UNUSED_FUNCTION = YES;
				GCC_WARN_UNUSED_VARIABLE = YES;
				MACOSX_DEPLOYMENT_TARGET = 10.10;
				MTL_ENABLE_DEBUG_INFO = NO;
				SDKROOT = macosx;
			};
			name = Release;
		};
		D9F51CCB1B54789C005FCDFF /* Debug */ = {
			isa = XCBuildConfiguration;
			buildSettings = {
				PRODUCT_NAME = "$(TARGET_NAME)";
			};
			name = Debug;
		};
		D9F51CCC1B54789C005FCDFF /* Release */ = {
			isa = XCBuildConfiguration;
			buildSettings = {
				PRODUCT_NAME = "$(TARGET_NAME)";
			};
			name = Release;
		};
/* End XCBuildConfiguration section */

/* Begin XCConfigurationList section */
		D9F51CBE1B54789B005FCDFF /* Build configuration list for PBXProject "Clase29-ListasEnlazadas" */ = {
			isa = XCConfigurationList;
			buildConfigurations = (
				D9F51CC81B54789C005FCDFF /* Debug */,
				D9F51CC91B54789C005FCDFF /* Release */,
			);
			defaultConfigurationIsVisible = 0;
			defaultConfigurationName = Release;
		};
		D9F51CCA1B54789C005FCDFF /* Build configuration list for PBXNativeTarget "Clase29-ListasEnlazadas" */ = {
			isa = XCConfigurationList;
			buildConfigurations = (
				D9F51CCB1B54789C005FCDFF /* Debug */,
				D9F51CCC1B54789C005FCDFF /* Release */,
			);
			defaultConfigurationIsVisible = 0;
		};
/* End XCConfigurationList section */
	};
	rootObject = D9F51CBB1B54789B005FCDFF /* Project object */;
}
