// !$*UTF8*$!
{
	archiveVersion = 1;
	classes = {
	};
	objectVersion = 46;
	objects = {

/* Begin PBXBuildFile section */
		49202F9F1A8114D100794065 /* main.cpp in Sources */ = {isa = PBXBuildFile; fileRef = 49202F9E1A8114D100794065 /* main.cpp */; };
		49202FA71A81164800794065 /* Profesor.cpp in Sources */ = {isa = PBXBuildFile; fileRef = 49202FA51A81164800794065 /* Profesor.cpp */; };
		49202FAA1A81165B00794065 /* JefeDeDepartamento.cpp in Sources */ = {isa = PBXBuildFile; fileRef = 49202FA81A81165B00794065 /* JefeDeDepartamento.cpp */; };
		49202FAD1A81168000794065 /* PuntoPantalla.cpp in Sources */ = {isa = PBXBuildFile; fileRef = 49202FAB1A81168000794065 /* PuntoPantalla.cpp */; };
		49202FB01A81169000794065 /* Coordinate.cpp in Sources */ = {isa = PBXBuildFile; fileRef = 49202FAE1A81169000794065 /* Coordinate.cpp */; };
/* End PBXBuildFile section */

/* Begin PBXCopyFilesBuildPhase section */
		49202F991A8114D100794065 /* CopyFiles */ = {
			isa = PBXCopyFilesBuildPhase;
			buildActionMask = 2147483647;
			dstPath = /usr/share/man/man1/;
			dstSubfolderSpec = 0;
			files = (
			);
			runOnlyForDeploymentPostprocessing = 1;
		};
/* End PBXCopyFilesBuildPhase section */

/* Begin PBXFileReference section */
		49202F9B1A8114D100794065 /* Clase10-clasesDeClases-struct */ = {isa = PBXFileReference; explicitFileType = "compiled.mach-o.executable"; includeInIndex = 0; path = "Clase10-clasesDeClases-struct"; sourceTree = BUILT_PRODUCTS_DIR; };
		49202F9E1A8114D100794065 /* main.cpp */ = {isa = PBXFileReference; lastKnownFileType = sourcecode.cpp.cpp; path = main.cpp; sourceTree = "<group>"; };
		49202FA51A81164800794065 /* Profesor.cpp */ = {isa = PBXFileReference; fileEncoding = 4; lastKnownFileType = sourcecode.cpp.cpp; path = Profesor.cpp; sourceTree = "<group>"; };
		49202FA61A81164800794065 /* Profesor.h */ = {isa = PBXFileReference; fileEncoding = 4; lastKnownFileType = sourcecode.c.h; path = Profesor.h; sourceTree = "<group>"; };
		49202FA81A81165B00794065 /* JefeDeDepartamento.cpp */ = {isa = PBXFileReference; fileEncoding = 4; lastKnownFileType = sourcecode.cpp.cpp; path = JefeDeDepartamento.cpp; sourceTree = "<group>"; };
		49202FA91A81165B00794065 /* JefeDeDepartamento.h */ = {isa = PBXFileReference; fileEncoding = 4; lastKnownFileType = sourcecode.c.h; path = JefeDeDepartamento.h; sourceTree = "<group>"; };
		49202FAB1A81168000794065 /* PuntoPantalla.cpp */ = {isa = PBXFileReference; fileEncoding = 4; lastKnownFileType = sourcecode.cpp.cpp; path = PuntoPantalla.cpp; sourceTree = "<group>"; };
		49202FAC1A81168000794065 /* PuntoPantalla.h */ = {isa = PBXFileReference; fileEncoding = 4; lastKnownFileType = sourcecode.c.h; path = PuntoPantalla.h; sourceTree = "<group>"; };
		49202FAE1A81169000794065 /* Coordinate.cpp */ = {isa = PBXFileReference; fileEncoding = 4; lastKnownFileType = sourcecode.cpp.cpp; path = Coordinate.cpp; sourceTree = "<group>"; };
		49202FAF1A81169000794065 /* Coordinate.h */ = {isa = PBXFileReference; fileEncoding = 4; lastKnownFileType = sourcecode.c.h; path = Coordinate.h; sourceTree = "<group>"; };
/* End PBXFileReference section */

/* Begin PBXFrameworksBuildPhase section */
		49202F981A8114D100794065 /* Frameworks */ = {
			isa = PBXFrameworksBuildPhase;
			buildActionMask = 2147483647;
			files = (
			);
			runOnlyForDeploymentPostprocessing = 0;
		};
/* End PBXFrameworksBuildPhase section */

/* Begin PBXGroup section */
		49202F921A8114D100794065 = {
			isa = PBXGroup;
			children = (
				49202F9D1A8114D100794065 /* Clase10-clasesDeClases-struct */,
				49202F9C1A8114D100794065 /* Products */,
			);
			sourceTree = "<group>";
		};
		49202F9C1A8114D100794065 /* Products */ = {
			isa = PBXGroup;
			children = (
				49202F9B1A8114D100794065 /* Clase10-clasesDeClases-struct */,
			);
			name = Products;
			sourceTree = "<group>";
		};
		49202F9D1A8114D100794065 /* Clase10-clasesDeClases-struct */ = {
			isa = PBXGroup;
			children = (
				49202F9E1A8114D100794065 /* main.cpp */,
				49202FA51A81164800794065 /* Profesor.cpp */,
				49202FA61A81164800794065 /* Profesor.h */,
				49202FA81A81165B00794065 /* JefeDeDepartamento.cpp */,
				49202FA91A81165B00794065 /* JefeDeDepartamento.h */,
				49202FAB1A81168000794065 /* PuntoPantalla.cpp */,
				49202FAC1A81168000794065 /* PuntoPantalla.h */,
				49202FAE1A81169000794065 /* Coordinate.cpp */,
				49202FAF1A81169000794065 /* Coordinate.h */,
			);
			path = "Clase10-clasesDeClases-struct";
			sourceTree = "<group>";
		};
/* End PBXGroup section */

/* Begin PBXNativeTarget section */
		49202F9A1A8114D100794065 /* Clase10-clasesDeClases-struct */ = {
			isa = PBXNativeTarget;
			buildConfigurationList = 49202FA21A8114D100794065 /* Build configuration list for PBXNativeTarget "Clase10-clasesDeClases-struct" */;
			buildPhases = (
				49202F971A8114D100794065 /* Sources */,
				49202F981A8114D100794065 /* Frameworks */,
				49202F991A8114D100794065 /* CopyFiles */,
			);
			buildRules = (
			);
			dependencies = (
			);
			name = "Clase10-clasesDeClases-struct";
			productName = "Clase10-clasesDeClases-struct";
			productReference = 49202F9B1A8114D100794065 /* Clase10-clasesDeClases-struct */;
			productType = "com.apple.product-type.tool";
		};
/* End PBXNativeTarget section */

/* Begin PBXProject section */
		49202F931A8114D100794065 /* Project object */ = {
			isa = PBXProject;
			attributes = {
				LastUpgradeCheck = 0610;
				ORGANIZATIONNAME = "Sergio Pita";
				TargetAttributes = {
					49202F9A1A8114D100794065 = {
						CreatedOnToolsVersion = 6.1.1;
					};
				};
			};
			buildConfigurationList = 49202F961A8114D100794065 /* Build configuration list for PBXProject "Clase10-clasesDeClases-struct" */;
			compatibilityVersion = "Xcode 3.2";
			developmentRegion = English;
			hasScannedForEncodings = 0;
			knownRegions = (
				en,
			);
			mainGroup = 49202F921A8114D100794065;
			productRefGroup = 49202F9C1A8114D100794065 /* Products */;
			projectDirPath = "";
			projectRoot = "";
			targets = (
				49202F9A1A8114D100794065 /* Clase10-clasesDeClases-struct */,
			);
		};
/* End PBXProject section */

/* Begin PBXSourcesBuildPhase section */
		49202F971A8114D100794065 /* Sources */ = {
			isa = PBXSourcesBuildPhase;
			buildActionMask = 2147483647;
			files = (
				49202FAA1A81165B00794065 /* JefeDeDepartamento.cpp in Sources */,
				49202FAD1A81168000794065 /* PuntoPantalla.cpp in Sources */,
				49202FB01A81169000794065 /* Coordinate.cpp in Sources */,
				49202F9F1A8114D100794065 /* main.cpp in Sources */,
				49202FA71A81164800794065 /* Profesor.cpp in Sources */,
			);
			runOnlyForDeploymentPostprocessing = 0;
		};
/* End PBXSourcesBuildPhase section */

/* Begin XCBuildConfiguration section */
		49202FA01A8114D100794065 /* Debug */ = {
			isa = XCBuildConfiguration;
			buildSettings = {
				ALWAYS_SEARCH_USER_PATHS = NO;
				CLANG_CXX_LANGUAGE_STANDARD = "gnu++0x";
				CLANG_CXX_LIBRARY = "libc++";
				CLANG_ENABLE_MODULES = YES;
				CLANG_ENABLE_OBJC_ARC = YES;
				CLANG_WARN_BOOL_CONVERSION = YES;
				CLANG_WARN_CONSTANT_CONVERSION = YES;
				CLANG_WARN_DIRECT_OBJC_ISA_USAGE = YES_ERROR;
				CLANG_WARN_EMPTY_BODY = YES;
				CLANG_WARN_ENUM_CONVERSION = YES;
				CLANG_WARN_INT_CONVERSION = YES;
				CLANG_WARN_OBJC_ROOT_CLASS = YES_ERROR;
				CLANG_WARN_UNREACHABLE_CODE = YES;
				CLANG_WARN__DUPLICATE_METHOD_MATCH = YES;
				COPY_PHASE_STRIP = NO;
				ENABLE_STRICT_OBJC_MSGSEND = YES;
				GCC_C_LANGUAGE_STANDARD = gnu99;
				GCC_DYNAMIC_NO_PIC = NO;
				GCC_OPTIMIZATION_LEVEL = 0;
				GCC_PREPROCESSOR_DEFINITIONS = (
					"DEBUG=1",
					"$(inherited)",
				);
				GCC_SYMBOLS_PRIVATE_EXTERN = NO;
				GCC_WARN_64_TO_32_BIT_CONVERSION = YES;
				GCC_WARN_ABOUT_RETURN_TYPE = YES_ERROR;
				GCC_WARN_UNDECLARED_SELECTOR = YES;
				GCC_WARN_UNINITIALIZED_AUTOS = YES_AGGRESSIVE;
				GCC_WARN_UNUSED_FUNCTION = YES;
				GCC_WARN_UNUSED_VARIABLE = YES;
				MACOSX_DEPLOYMENT_TARGET = 10.10;
				MTL_ENABLE_DEBUG_INFO = YES;
				ONLY_ACTIVE_ARCH = YES;
				SDKROOT = macosx;
			};
			name = Debug;
		};
		49202FA11A8114D100794065 /* Release */ = {
			isa = XCBuildConfiguration;
			buildSettings = {
				ALWAYS_SEARCH_USER_PATHS = NO;
				CLANG_CXX_LANGUAGE_STANDARD = "gnu++0x";
				CLANG_CXX_LIBRARY = "libc++";
				CLANG_ENABLE_MODULES = YES;
				CLANG_ENABLE_OBJC_ARC = YES;
				CLANG_WARN_BOOL_CONVERSION = YES;
				CLANG_WARN_CONSTANT_CONVERSION = YES;
				CLANG_WARN_DIRECT_OBJC_ISA_USAGE = YES_ERROR;
				CLANG_WARN_EMPTY_BODY = YES;
				CLANG_WARN_ENUM_CONVERSION = YES;
				CLANG_WARN_INT_CONVERSION = YES;
				CLANG_WARN_OBJC_ROOT_CLASS = YES_ERROR;
				CLANG_WARN_UNREACHABLE_CODE = YES;
				CLANG_WARN__DUPLICATE_METHOD_MATCH = YES;
				COPY_PHASE_STRIP = YES;
				DEBUG_INFORMATION_FORMAT = "dwarf-with-dsym";
				ENABLE_NS_ASSERTIONS = NO;
				ENABLE_STRICT_OBJC_MSGSEND = YES;
				GCC_C_LANGUAGE_STANDARD = gnu99;
				GCC_WARN_64_TO_32_BIT_CONVERSION = YES;
				GCC_WARN_ABOUT_RETURN_TYPE = YES_ERROR;
				GCC_WARN_UNDECLARED_SELECTOR = YES;
				GCC_WARN_UNINITIALIZED_AUTOS = YES_AGGRESSIVE;
				GCC_WARN_UNUSED_FUNCTION = YES;
				GCC_WARN_UNUSED_VARIABLE = YES;
				MACOSX_DEPLOYMENT_TARGET = 10.10;
				MTL_ENABLE_DEBUG_INFO = NO;
				SDKROOT = macosx;
			};
			name = Release;
		};
		49202FA31A8114D100794065 /* Debug */ = {
			isa = XCBuildConfiguration;
			buildSettings = {
				PRODUCT_NAME = "$(TARGET_NAME)";
			};
			name = Debug;
		};
		49202FA41A8114D100794065 /* Release */ = {
			isa = XCBuildConfiguration;
			buildSettings = {
				PRODUCT_NAME = "$(TARGET_NAME)";
			};
			name = Release;
		};
/* End XCBuildConfiguration section */

/* Begin XCConfigurationList section */
		49202F961A8114D100794065 /* Build configuration list for PBXProject "Clase10-clasesDeClases-struct" */ = {
			isa = XCConfigurationList;
			buildConfigurations = (
				49202FA01A8114D100794065 /* Debug */,
				49202FA11A8114D100794065 /* Release */,
			);
			defaultConfigurationIsVisible = 0;
			defaultConfigurationName = Release;
		};
		49202FA21A8114D100794065 /* Build configuration list for PBXNativeTarget "Clase10-clasesDeClases-struct" */ = {
			isa = XCConfigurationList;
			buildConfigurations = (
				49202FA31A8114D100794065 /* Debug */,
				49202FA41A8114D100794065 /* Release */,
			);
			defaultConfigurationIsVisible = 0;
		};
/* End XCConfigurationList section */
	};
	rootObject = 49202F931A8114D100794065 /* Project object */;
}
